# THIS IS AN AUTOGENERATED FILE. DO NOT EDIT THIS FILE DIRECTLY.
# yarn lockfile v1


acorn-jsx@^3.0.0:
  version "3.0.1"
  resolved "https://registry.yarnpkg.com/acorn-jsx/-/acorn-jsx-3.0.1.tgz#afdf9488fb1ecefc8348f6fb22f464e32a58b36b"
  dependencies:
    acorn "^3.0.4"

acorn@^3.0.4:
  version "3.3.0"
  resolved "https://registry.yarnpkg.com/acorn/-/acorn-3.3.0.tgz#45e37fb39e8da3f25baee3ff5369e2bb5f22017a"

acorn@^5.1.1:
  version "5.1.2"
  resolved "https://registry.yarnpkg.com/acorn/-/acorn-5.1.2.tgz#911cb53e036807cf0fa778dc5d370fbd864246d7"

acorn@^5.2.1:
  version "5.2.1"
  resolved "https://registry.yarnpkg.com/acorn/-/acorn-5.2.1.tgz#317ac7821826c22c702d66189ab8359675f135d7"

debug@^3.0.0, debug@^3.1.0:
  version "3.1.0"
  resolved "https://registry.yarnpkg.com/debug/-/debug-3.1.0.tgz#5bb5a0672628b64149566ba16819e61518c67261"
  dependencies:
    ms "2.0.0"

eslint-plugin-vue@^4.0.0-beta.2:
  version "4.0.0-beta.2"
  resolved "https://registry.yarnpkg.com/eslint-plugin-vue/-/eslint-plugin-vue-4.0.0-beta.2.tgz#f599dc6193c3fdaac314633b4eb777b4148cd787"
  dependencies:
    requireindex "^1.1.0"
    vue-eslint-parser "^2.0.1-beta.1"

eslint-scope@^3.7.1:
  version "3.7.1"
  resolved "https://registry.yarnpkg.com/eslint-scope/-/eslint-scope-3.7.1.tgz#3d63c3edfda02e06e01a452ad88caacc7cdcb6e8"
  dependencies:
    esrecurse "^4.1.0"
    estraverse "^4.1.1"

espree@^3.3.2:
  version "3.5.1"
  resolved "https://registry.yarnpkg.com/espree/-/espree-3.5.1.tgz#0c988b8ab46db53100a1954ae4ba995ddd27d87e"
  dependencies:
    acorn "^5.1.1"
    acorn-jsx "^3.0.0"

espree@^3.5.1:
  version "3.5.2"
  resolved "https://registry.yarnpkg.com/espree/-/espree-3.5.2.tgz#756ada8b979e9dcfcdb30aad8d1a9304a905e1ca"
  dependencies:
    acorn "^5.2.1"
    acorn-jsx "^3.0.0"

esquery@^1.0.0:
  version "1.0.0"
  resolved "https://registry.yarnpkg.com/esquery/-/esquery-1.0.0.tgz#cfba8b57d7fba93f17298a8a006a04cda13d80fa"
  dependencies:
    estraverse "^4.0.0"

esrecurse@^4.1.0:
  version "4.2.0"
  resolved "https://registry.yarnpkg.com/esrecurse/-/esrecurse-4.2.0.tgz#fa9568d98d3823f9a41d91e902dcab9ea6e5b163"
  dependencies:
    estraverse "^4.1.0"
    object-assign "^4.0.1"

estraverse@^4.0.0, estraverse@^4.1.0, estraverse@^4.1.1:
  version "4.2.0"
  resolved "https://registry.yarnpkg.com/estraverse/-/estraverse-4.2.0.tgz#0dee3fed31fcd469618ce7342099fc1afa0bdb13"

lodash@^4.17.4:
  version "4.17.4"
  resolved "https://registry.yarnpkg.com/lodash/-/lodash-4.17.4.tgz#78203a4d1c328ae1d86dca6460e369b57f4055ae"

ms@2.0.0:
  version "2.0.0"
  resolved "https://registry.yarnpkg.com/ms/-/ms-2.0.0.tgz#5608aeadfc00be6c2901df5f9861788de0d597c8"

object-assign@^4.0.1:
  version "4.1.1"
  resolved "https://registry.yarnpkg.com/object-assign/-/object-assign-4.1.1.tgz#2109adc7965887cfc05cbbd442cac8bfbb360863"

requireindex@^1.1.0:
  version "1.1.0"
  resolved "https://registry.yarnpkg.com/requireindex/-/requireindex-1.1.0.tgz#e5404b81557ef75db6e49c5a72004893fe03e162"

vue-eslint-parser@^2.0.1-beta.1:
  version "2.0.1-beta.1"
  resolved "https://registry.yarnpkg.com/vue-eslint-parser/-/vue-eslint-parser-2.0.1-beta.1.tgz#7e1b3c0865905264605169497fe9e42d27c1ae60"
  dependencies:
    debug "^3.0.0"
    eslint-scope "^3.7.1"
    espree "^3.3.2"
    esquery "^1.0.0"
    lodash "^4.17.4"

vue-eslint-parser@^2.0.1-beta.2:
  version "2.0.1-beta.2"
  resolved "https://registry.yarnpkg.com/vue-eslint-parser/-/vue-eslint-parser-2.0.1-beta.2.tgz#82e5130ac18ae4b0c894a7c831b55ec92478fa2f"
  dependencies:
    debug "^3.1.0"
    eslint-scope "^3.7.1"
    espree "^3.5.1"
    esquery "^1.0.0"
    lodash "^4.17.4"
