# THIS IS AN AUTOGENERATED FILE. DO NOT EDIT THIS FILE DIRECTLY.
# yarn lockfile v1


"@types/node@^6.0.46":
  version "6.0.84"
  resolved "https://registry.yarnpkg.com/@types/node/-/node-6.0.84.tgz#193ffe5a9f42864d425ffd9739d95b753c6a1eab"

acorn-jsx@^3.0.0:
  version "3.0.1"
  resolved "https://registry.yarnpkg.com/acorn-jsx/-/acorn-jsx-3.0.1.tgz#afdf9488fb1ecefc8348f6fb22f464e32a58b36b"
  dependencies:
    acorn "^3.0.4"

acorn@^3.0.4:
  version "3.3.0"
  resolved "https://registry.yarnpkg.com/acorn/-/acorn-3.3.0.tgz#45e37fb39e8da3f25baee3ff5369e2bb5f22017a"

acorn@^5.0.1:
  version "5.1.1"
  resolved "https://registry.yarnpkg.com/acorn/-/acorn-5.1.1.tgz#53fe161111f912ab999ee887a90a0bc52822fd75"

debug@^2.6.3:
  version "2.6.8"
  resolved "https://registry.yarnpkg.com/debug/-/debug-2.6.8.tgz#e731531ca2ede27d188222427da17821d68ff4fc"
  dependencies:
    ms "2.0.0"

eslint-plugin-vue@^3.7.0:
  version "3.7.0"
  resolved "https://registry.yarnpkg.com/eslint-plugin-vue/-/eslint-plugin-vue-3.7.0.tgz#a43160bd2c76cb8f03e7309fd622405959165575"
  dependencies:
    requireindex "^1.1.0"
    vue-eslint-parser "^1.1.0-7"

eslint-scope@^3.7.1:
  version "3.7.1"
  resolved "https://registry.yarnpkg.com/eslint-scope/-/eslint-scope-3.7.1.tgz#3d63c3edfda02e06e01a452ad88caacc7cdcb6e8"
  dependencies:
    esrecurse "^4.1.0"
    estraverse "^4.1.1"

espree@>=3.3.2:
  version "3.4.3"
  resolved "https://registry.yarnpkg.com/espree/-/espree-3.4.3.tgz#2910b5ccd49ce893c2ffffaab4fd8b3a31b82374"
  dependencies:
    acorn "^5.0.1"
    acorn-jsx "^3.0.0"

esrecurse@^4.1.0:
  version "4.2.0"
  resolved "https://registry.yarnpkg.com/esrecurse/-/esrecurse-4.2.0.tgz#fa9568d98d3823f9a41d91e902dcab9ea6e5b163"
  dependencies:
    estraverse "^4.1.0"
    object-assign "^4.0.1"

estraverse@^4.1.0, estraverse@^4.1.1:
  version "4.2.0"
  resolved "https://registry.yarnpkg.com/estraverse/-/estraverse-4.2.0.tgz#0dee3fed31fcd469618ce7342099fc1afa0bdb13"

lodash.sortedindex@^4.1.0:
  version "4.1.0"
  resolved "https://registry.yarnpkg.com/lodash.sortedindex/-/lodash.sortedindex-4.1.0.tgz#3f6417ee20e8b22416ab005bfa16344a0446b448"

lodash.sortedindexby@^4.6.0:
  version "4.6.0"
  resolved "https://registry.yarnpkg.com/lodash.sortedindexby/-/lodash.sortedindexby-4.6.0.tgz#46f198fbdfbcd09c6fd4c177d37cda3cc652d9f9"

ms@2.0.0:
  version "2.0.0"
  resolved "https://registry.yarnpkg.com/ms/-/ms-2.0.0.tgz#5608aeadfc00be6c2901df5f9861788de0d597c8"

object-assign@^4.0.1:
  version "4.1.1"
  resolved "https://registry.yarnpkg.com/object-assign/-/object-assign-4.1.1.tgz#2109adc7965887cfc05cbbd442cac8bfbb360863"

parse5@^3.0.0:
  version "3.0.2"
  resolved "https://registry.yarnpkg.com/parse5/-/parse5-3.0.2.tgz#05eff57f0ef4577fb144a79f8b9a967a6cc44510"
  dependencies:
    "@types/node" "^6.0.46"

requireindex@^1.1.0:
  version "1.1.0"
  resolved "https://registry.yarnpkg.com/requireindex/-/requireindex-1.1.0.tgz#e5404b81557ef75db6e49c5a72004893fe03e162"

vue-eslint-parser@^1.0.0:
  version "1.0.0"
  resolved "https://registry.yarnpkg.com/vue-eslint-parser/-/vue-eslint-parser-1.0.0.tgz#0d058a3e49a6cc97c6da6482caf8c6d41850d640"
  dependencies:
    espree ">=3.3.2"
    parse5 "^3.0.0"

vue-eslint-parser@^1.1.0-7:
  version "1.1.0-7"
  resolved "https://registry.yarnpkg.com/vue-eslint-parser/-/vue-eslint-parser-1.1.0-7.tgz#fd29030c6a1ec221ed173257072bc2359235be8d"
  dependencies:
    debug "^2.6.3"
    eslint-scope "^3.7.1"
    espree ">=3.3.2"
    lodash.sortedindex "^4.1.0"
    lodash.sortedindexby "^4.6.0"
    parse5 "^3.0.0"
